
Microsoft Visual Studio Solution File, Format Version 12.00
# Visual Studio 15
VisualStudioVersion = 15.0.28307.329
MinimumVisualStudioVersion = 10.0.40219.1
Project("{FAE04EC0-301F-11D3-BF4B-00C04F79EFBC}") = "Task 3", "Task 3\Task 3.csproj", "{6BAFD7BC-D6F0-49F0-9A2E-B7147A85EADE}"
EndProject
Global
	GlobalSection(SolutionConfigurationPlatforms) = preSolution
		Debug|Any CPU = Debug|Any CPU
		Release|Any CPU = Release|Any CPU
	EndGlobalSection
	GlobalSection(ProjectConfigurationPlatforms) = postSolution
		{6BAFD7BC-D6F0-49F0-9A2E-B7147A85EADE}.Debug|Any CPU.ActiveCfg = Debug|Any CPU
		{6BAFD7BC-D6F0-49F0-9A2E-B7147A85EADE}.Debug|Any CPU.Build.0 = Debug|Any CPU
		{6BAFD7BC-D6F0-49F0-9A2E-B7147A85EADE}.Release|Any CPU.ActiveCfg = Release|Any CPU
		{6BAFD7BC-D6F0-49F0-9A2E-B7147A85EADE}.Release|Any CPU.Build.0 = Release|Any CPU
	EndGlobalSection
	GlobalSection(SolutionProperties) = preSolution
		HideSolutionNode = FALSE
	EndGlobalSection
	GlobalSection(ExtensibilityGlobals) = postSolution
		SolutionGuid = {BA569960-CC99-43B7-918A-8EC5690BD996}
	EndGlobalSection
EndGlobal
